
Microsoft Visual Studio Solution File, Format Version 12.00
# Visual Studio Version 17
VisualStudioVersion = 17.3.32922.545
MinimumVisualStudioVersion = 10.0.40219.1
Project("{FAE04EC0-301F-11D3-BF4B-00C04F79EFBC}") = "HW_130223", "HW_130223\HW_130223.csproj", "{23B7DAA9-63A5-49FB-94EF-5914293909E5}"
EndProject
Global
	GlobalSection(SolutionConfigurationPlatforms) = preSolution
		Debug|Any CPU = Debug|Any CPU
		Release|Any CPU = Release|Any CPU
	EndGlobalSection
	GlobalSection(ProjectConfigurationPlatforms) = postSolution
		{23B7DAA9-63A5-49FB-94EF-5914293909E5}.Debug|Any CPU.ActiveCfg = Debug|Any CPU
		{23B7DAA9-63A5-49FB-94EF-5914293909E5}.Debug|Any CPU.Build.0 = Debug|Any CPU
		{23B7DAA9-63A5-49FB-94EF-5914293909E5}.Release|Any CPU.ActiveCfg = Release|Any CPU
		{23B7DAA9-63A5-49FB-94EF-5914293909E5}.Release|Any CPU.Build.0 = Release|Any CPU
	EndGlobalSection
	GlobalSection(SolutionProperties) = preSolution
		HideSolutionNode = FALSE
	EndGlobalSection
	GlobalSection(ExtensibilityGlobals) = postSolution
		SolutionGuid = {E873ACD9-90F0-49A1-90B6-6FA1EC261856}
	EndGlobalSection
EndGlobal
